
Microsoft Visual Studio Solution File, Format Version 12.00
# Visual Studio Version 16
VisualStudioVersion = 16.0.28803.452
MinimumVisualStudioVersion = 10.0.40219.1
Project("{FAE04EC0-301F-11D3-BF4B-00C04F79EFBC}") = "WindowsFormsApp1", "WindowsFormsApp1\WindowsFormsApp1.csproj", "{7F336951-7DA0-4906-8AEB-5353C07EED1C}"
EndProject
Global
	GlobalSection(SolutionConfigurationPlatforms) = preSolution
		Debug|Any CPU = Debug|Any CPU
		Release|Any CPU = Release|Any CPU
	EndGlobalSection
	GlobalSection(ProjectConfigurationPlatforms) = postSolution
		{7F336951-7DA0-4906-8AEB-5353C07EED1C}.Debug|Any CPU.ActiveCfg = Debug|Any CPU
		{7F336951-7DA0-4906-8AEB-5353C07EED1C}.Debug|Any CPU.Build.0 = Debug|Any CPU
		{7F336951-7DA0-4906-8AEB-5353C07EED1C}.Release|Any CPU.ActiveCfg = Release|Any CPU
		{7F336951-7DA0-4906-8AEB-5353C07EED1C}.Release|Any CPU.Build.0 = Release|Any CPU
	EndGlobalSection
	GlobalSection(SolutionProperties) = preSolution
		HideSolutionNode = FALSE
	EndGlobalSection
	GlobalSection(ExtensibilityGlobals) = postSolution
		SolutionGuid = {E824AFB2-4473-4077-8E37-B6B0D269841E}
	EndGlobalSection
EndGlobal
